
Microsoft Visual Studio Solution File, Format Version 12.00
# Visual Studio Version 17
VisualStudioVersion = 17.9.34607.119
MinimumVisualStudioVersion = 10.0.40219.1
Project("{FAE04EC0-301F-11D3-BF4B-00C04F79EFBC}") = "POSSystem", "POSSystem\POSSystem.csproj", "{0E94B989-0FFF-44FE-AB4B-BE4D55BF9480}"
EndProject
Global
	GlobalSection(SolutionConfigurationPlatforms) = preSolution
		Debug|Any CPU = Debug|Any CPU
		Release|Any CPU = Release|Any CPU
	EndGlobalSection
	GlobalSection(ProjectConfigurationPlatforms) = postSolution
		{0E94B989-0FFF-44FE-AB4B-BE4D55BF9480}.Debug|Any CPU.ActiveCfg = Debug|Any CPU
		{0E94B989-0FFF-44FE-AB4B-BE4D55BF9480}.Debug|Any CPU.Build.0 = Debug|Any CPU
		{0E94B989-0FFF-44FE-AB4B-BE4D55BF9480}.Release|Any CPU.ActiveCfg = Release|Any CPU
		{0E94B989-0FFF-44FE-AB4B-BE4D55BF9480}.Release|Any CPU.Build.0 = Release|Any CPU
	EndGlobalSection
	GlobalSection(SolutionProperties) = preSolution
		HideSolutionNode = FALSE
	EndGlobalSection
	GlobalSection(ExtensibilityGlobals) = postSolution
		SolutionGuid = {30409E14-CF65-4C82-BD65-DA90D4F07187}
	EndGlobalSection
EndGlobal
